<?xml version="1.0" encoding="utf-8"?>
<Project ToolsVersion="4.0" xmlns="http://schemas.microsoft.com/developer/msbuild/2003">
  <ItemGroup>
    <Filter Include="Source Files">
      <UniqueIdentifier>{4FC737F1-C7A5-4376-A066-2A32D752A2FF}</UniqueIdentifier>
      <Extensions>cpp;c;cc;cxx;c++;cppm;ixx;def;odl;idl;hpj;bat;asm;asmx</Extensions>
    </Filter>
    <Filter Include="Header Files">
      <UniqueIdentifier>{93995380-89BD-4b04-88EB-625FBE52EBFB}</UniqueIdentifier>
      <Extensions>h;hh;hpp;hxx;h++;hm;inl;inc;ipp;xsd</Extensions>
    </Filter>
    <Filter Include="Resource Files">
      <UniqueIdentifier>{67DA6AB6-F800-4c08-8B7A-83BB121AAD01}</UniqueIdentifier>
      <Extensions>rc;ico;cur;bmp;dlg;rc2;rct;bin;rgs;gif;jpg;jpeg;jpe;resx;tiff;tif;png;wav;mfcribbon-ms</Extensions>
    </Filter>
    <Filter Include="Header Files\Attacks">
      <UniqueIdentifier>{056d9c00-ccc3-4ae9-bfa2-06c3a84c98ae}</UniqueIdentifier>
    </Filter>
    <Filter Include="Header Files\GameObjects">
      <UniqueIdentifier>{556a875a-0afb-4d81-8f24-509b8c5b14f4}</UniqueIdentifier>
    </Filter>
    <Filter Include="Header Files\Static">
      <UniqueIdentifier>{d075d2e2-8798-4aaf-9e73-1787ef1c37e4}</UniqueIdentifier>
    </Filter>
    <Filter Include="Source Files\Attacks">
      <UniqueIdentifier>{f75ebdfc-3e13-44b0-98b2-13101d7872e4}</UniqueIdentifier>
    </Filter>
    <Filter Include="Source Files\GameObjects">
      <UniqueIdentifier>{7d84a1cc-acf4-4be3-94cf-a30f009a964e}</UniqueIdentifier>
    </Filter>
    <Filter Include="Source Files\Static">
      <UniqueIdentifier>{843778e6-3c83-4bc5-8538-86a80274c24b}</UniqueIdentifier>
    </Filter>
    <Filter Include="Resource Files\levels">
      <UniqueIdentifier>{fd206810-d29c-41ea-af5c-f0ddc1d2098d}</UniqueIdentifier>
    </Filter>
    <Filter Include="Resource Files\saves">
      <UniqueIdentifier>{7b321ccd-97eb-45d2-a17a-6f9e40ca9ef1}</UniqueIdentifier>
    </Filter>
  </ItemGroup>
  <ItemGroup>
    <ClInclude Include="include\game.h">
      <Filter>Header Files</Filter>
    </ClInclude>
    <ClInclude Include="include\Timeline.h">
      <Filter>Header Files</Filter>
    </ClInclude>
    <ClInclude Include="include\globals.h">
      <Filter>Header Files</Filter>
    </ClInclude>
    <ClInclude Include="include\MainMenu.h">
      <Filter>Header Files</Filter>
    </ClInclude>
    <ClInclude Include="include\Pickup.h">
      <Filter>Header Files</Filter>
    </ClInclude>
    <ClInclude Include="include\Attack.h">
      <Filter>Header Files\Attacks</Filter>
    </ClInclude>
    <ClInclude Include="include\HeavyAttack.h">
      <Filter>Header Files\Attacks</Filter>
    </ClInclude>
    <ClInclude Include="include\LightAttack.h">
      <Filter>Header Files\Attacks</Filter>
    </ClInclude>
    <ClInclude Include="include\EnemyHeavy.h">
      <Filter>Header Files\GameObjects</Filter>
    </ClInclude>
    <ClInclude Include="include\Boss.h">
      <Filter>Header Files\GameObjects</Filter>
    </ClInclude>
    <ClInclude Include="include\EnemyLight.h">
      <Filter>Header Files\GameObjects</Filter>
    </ClInclude>
    <ClInclude Include="include\EnemySupport.h">
      <Filter>Header Files\GameObjects</Filter>
    </ClInclude>
    <ClInclude Include="include\GameObject.h">
      <Filter>Header Files\GameObjects</Filter>
    </ClInclude>
    <ClInclude Include="include\NPC.h">
      <Filter>Header Files\GameObjects</Filter>
    </ClInclude>
    <ClInclude Include="include\Goal.h">
      <Filter>Header Files\GameObjects</Filter>
    </ClInclude>
    <ClInclude Include="include\Door.h">
      <Filter>Header Files\GameObjects</Filter>
    </ClInclude>
    <ClInclude Include="include\RewindBoss.h">
      <Filter>Header Files\GameObjects</Filter>
    </ClInclude>
    <ClInclude Include="include\SpecialAttack.h">
      <Filter>Header Files\Attacks</Filter>
    </ClInclude>
    <ClInclude Include="include\Player.h">
      <Filter>Header Files\GameObjects</Filter>
    </ClInclude>
    <ClInclude Include="include\CollisionCheck.h">
      <Filter>Header Files\Static</Filter>
    </ClInclude>
    <ClInclude Include="include\LevelLoader.h">
      <Filter>Header Files\Static</Filter>
    </ClInclude>
    <ClInclude Include="include\Wall.h">
      <Filter>Header Files\GameObjects</Filter>
    </ClInclude>
    <ClInclude Include="include\Editor.h">
      <Filter>Header Files\Static</Filter>
    </ClInclude>
    <ClInclude Include="include\AssetManager.h">
      <Filter>Header Files\Static</Filter>
    </ClInclude>
    <ClInclude Include="include\SupportAttack.h">
      <Filter>Header Files\Attacks</Filter>
    </ClInclude>
    <ClInclude Include="include\Animation.h">
      <Filter>Header Files</Filter>
    </ClInclude>
    <ClInclude Include="include\Button.h">
      <Filter>Header Files</Filter>
    </ClInclude>
    <ClInclude Include="include\Exit.h">
      <Filter>Header Files</Filter>
    </ClInclude>
    <ClInclude Include="include\Cell.h">
      <Filter>Header Files</Filter>
    </ClInclude>
  </ItemGroup>
  <ItemGroup>
    <ClCompile Include="src\game.cpp">
      <Filter>Source Files</Filter>
    </ClCompile>
    <ClCompile Include="src\main.cpp">
      <Filter>Source Files</Filter>
    </ClCompile>
    <ClCompile Include="src\MainMenu.cpp">
      <Filter>Source Files</Filter>
    </ClCompile>
    <ClCompile Include="src\Pickup.cpp">
      <Filter>Source Files</Filter>
    </ClCompile>
    <ClCompile Include="src\Attack.cpp">
      <Filter>Source Files\Attacks</Filter>
    </ClCompile>
    <ClCompile Include="src\Boss.cpp">
      <Filter>Source Files\GameObjects</Filter>
    </ClCompile>
    <ClCompile Include="src\Door.cpp">
      <Filter>Source Files\GameObjects</Filter>
    </ClCompile>
    <ClCompile Include="src\EnemyHeavy.cpp">
      <Filter>Source Files\GameObjects</Filter>
    </ClCompile>
    <ClCompile Include="src\EnemyLight.cpp">
      <Filter>Source Files\GameObjects</Filter>
    </ClCompile>
    <ClCompile Include="src\EnemySupport.cpp">
      <Filter>Source Files\GameObjects</Filter>
    </ClCompile>
    <ClCompile Include="src\GameObject.cpp">
      <Filter>Source Files\GameObjects</Filter>
    </ClCompile>
    <ClCompile Include="src\NPC.cpp">
      <Filter>Source Files\GameObjects</Filter>
    </ClCompile>
    <ClCompile Include="src\Player.cpp">
      <Filter>Source Files\GameObjects</Filter>
    </ClCompile>
    <ClCompile Include="src\Goal.cpp">
      <Filter>Source Files\GameObjects</Filter>
    </ClCompile>
    <ClCompile Include="src\RewindBoss.cpp">
      <Filter>Source Files\GameObjects</Filter>
    </ClCompile>
    <ClCompile Include="src\Wall.cpp">
      <Filter>Source Files\GameObjects</Filter>
    </ClCompile>
    <ClCompile Include="src\CollisionCheck.cpp">
      <Filter>Source Files\Static</Filter>
    </ClCompile>
    <ClCompile Include="src\LevelLoader.cpp">
      <Filter>Source Files\Static</Filter>
    </ClCompile>
    <ClCompile Include="src\Editor.cpp">
      <Filter>Source Files</Filter>
    </ClCompile>
    <ClCompile Include="src\SupportAttack.cpp">
      <Filter>Source Files\Attacks</Filter>
    </ClCompile>
    <ClCompile Include="src\AssetManager.cpp">
      <Filter>Source Files\Static</Filter>
    </ClCompile>
    <ClCompile Include="src\Timeline.cpp">
      <Filter>Source Files\Static</Filter>
    </ClCompile>
    <ClCompile Include="src\Animation.cpp">
      <Filter>Source Files</Filter>
    </ClCompile>
    <ClCompile Include="src\Button.cpp">
      <Filter>Source Files</Filter>
    </ClCompile>
    <ClCompile Include="src\Exit.cpp">
      <Filter>Source Files</Filter>
    </ClCompile>
    <ClCompile Include="src\Cell.cpp">
      <Filter>Source Files</Filter>
    </ClCompile>
  </ItemGroup>
  <ItemGroup>
    <None Include="combos.json">
      <Filter>Resource Files</Filter>
    </None>
    <None Include="leveltest.json">
      <Filter>Resource Files\levels</Filter>
    </None>
    <None Include="saves\savefile1.json">
      <Filter>Resource Files\saves</Filter>
    </None>
    <None Include="saves\savefile2.json">
      <Filter>Resource Files\saves</Filter>
    </None>
    <None Include="saves\savefile3.json">
      <Filter>Resource Files\saves</Filter>
    </None>
    <None Include="levels\leveledit.json">
      <Filter>Resource Files\levels</Filter>
    </None>
    <None Include="levels\levelclear.json">
      <Filter>Resource Files\levels</Filter>
    </None>
    <None Include="levels\level2.json">
      <Filter>Resource Files\levels</Filter>
    </None>
    <None Include="levels\level3.json">
      <Filter>Resource Files\levels</Filter>
    </None>
    <None Include="levels\level1.json">
      <Filter>Resource Files\levels</Filter>
    </None>
  </ItemGroup>
</Project>